// !$*UTF8*$!
{
	archiveVersion = 1;
	classes = {
	};
	objectVersion = 77;
	objects = {

/* Begin PBXBuildFile section */
		77120FCC2FF4348500D688FD /* Alamofire in Frameworks */ = {isa = PBXBuildFile; productRef = 77120FCB2FF4348500D688FD /* Alamofire */; };
		77120FCF2FF4348E00D688FD /* Then in Frameworks */ = {isa = PBXBuildFile; productRef = 77120FCE2FF4348E00D688FD /* Then */; };
		77120FD22FF4349F00D688FD /* SnapKit in Frameworks */ = {isa = PBXBuildFile; productRef = 77120FD12FF4349F00D688FD /* SnapKit */; };
		77120FD52FF434AE00D688FD /* Kingfisher in Frameworks */ = {isa = PBXBuildFile; productRef = 77120FD42FF434AE00D688FD /* Kingfisher */; };
		771213272FF43A5B00D688FD /* KakaoSDKAuth in Frameworks */ = {isa = PBXBuildFile; productRef = 771213262FF43A5B00D688FD /* KakaoSDKAuth */; };
		771213292FF43A5B00D688FD /* KakaoSDKCommon in Frameworks */ = {isa = PBXBuildFile; productRef = 771213282FF43A5B00D688FD /* KakaoSDKCommon */; };
		7712132B2FF43A5B00D688FD /* KakaoSDKShare in Frameworks */ = {isa = PBXBuildFile; productRef = 7712132A2FF43A5B00D688FD /* KakaoSDKShare */; };
		7712132D2FF43A5B00D688FD /* KakaoSDKUser in Frameworks */ = {isa = PBXBuildFile; productRef = 7712132C2FF43A5B00D688FD /* KakaoSDKUser */; };
		771213302FF43B3700D688FD /* GoogleMaps in Frameworks */ = {isa = PBXBuildFile; productRef = 7712132F2FF43B3700D688FD /* GoogleMaps */; };
		77C74AF22FF6EEF200604CBC /* .swiftlint.yml in Resources */ = {isa = PBXBuildFile; fileRef = 77C74AF12FF6EEF200604CBC /* .swiftlint.yml */; };
/* End PBXBuildFile section */

/* Begin PBXFileReference section */
		771209D52FF423C700D688FD /* Nearby.app */ = {isa = PBXFileReference; explicitFileType = wrapper.application; includeInIndex = 0; path = Nearby.app; sourceTree = BUILT_PRODUCTS_DIR; };
		77C74AF12FF6EEF200604CBC /* .swiftlint.yml */ = {isa = PBXFileReference; lastKnownFileType = text.yaml; path = .swiftlint.yml; sourceTree = "<group>"; };
/* End PBXFileReference section */

/* Begin PBXFileSystemSynchronizedBuildFileExceptionSet section */
		771209E72FF423C900D688FD /* Exceptions for "Nearby" folder in "Nearby" target */ = {
			isa = PBXFileSystemSynchronizedBuildFileExceptionSet;
			membershipExceptions = (
				Presentation/Auth/Coordinator/.gitkeep,
				Presentation/Auth/View/.gitkeep,
				Presentation/Auth/ViewController/.gitkeep,
				Presentation/Auth/ViewModel/.gitkeep,
				Presentation/Common/Components/.gitkeep,
				Presentation/Common/Enums/.gitkeep,
				Presentation/Companion/Coordinator/.gitkeep,
				Presentation/Companion/View/.gitkeep,
				Presentation/Companion/ViewController/.gitkeep,
				Presentation/Companion/ViewModel/.gitkeep,
				Presentation/DiningMap/Coordinator/.gitkeep,
				Presentation/DiningMap/View/.gitkeep,
				Presentation/DiningMap/ViewController/.gitkeep,
				Presentation/DiningMap/ViewModel/.gitkeep,
				Presentation/Matching/Coordinator/.gitkeep,
				Presentation/Matching/View/.gitkeep,
				Presentation/Matching/ViewController/.gitkeep,
				Presentation/Matching/ViewModel/.gitkeep,
				Presentation/MyPage/Coordinator/.gitkeep,
				Presentation/MyPage/View/.gitkeep,
				Presentation/MyPage/ViewController/.gitkeep,
				Presentation/MyPage/ViewModel/.gitkeep,
				Presentation/RecruitCompanion/Coordinator/.gitkeep,
				Presentation/RecruitCompanion/View/.gitkeep,
				Presentation/RecruitCompanion/ViewController/.gitkeep,
				Presentation/RecruitCompanion/ViewModel/.gitkeep,
				Resource/Info.plist,
			);
			target = 771209D42FF423C700D688FD /* Nearby */;
		};
/* End PBXFileSystemSynchronizedBuildFileExceptionSet section */

/* Begin PBXFileSystemSynchronizedRootGroup section */
		771209D72FF423C700D688FD /* Nearby */ = {
			isa = PBXFileSystemSynchronizedRootGroup;
			exceptions = (
				771209E72FF423C900D688FD /* Exceptions for "Nearby" folder in "Nearby" target */,
			);
			path = Nearby;
			sourceTree = "<group>";
		};
/* End PBXFileSystemSynchronizedRootGroup section */

/* Begin PBXFrameworksBuildPhase section */
		771209D22FF423C700D688FD /* Frameworks */ = {
			isa = PBXFrameworksBuildPhase;
			buildActionMask = 2147483647;
			files = (
				7712132B2FF43A5B00D688FD /* KakaoSDKShare in Frameworks */,
				77120FD52FF434AE00D688FD /* Kingfisher in Frameworks */,
				77120FD22FF4349F00D688FD /* SnapKit in Frameworks */,
				77120FCC2FF4348500D688FD /* Alamofire in Frameworks */,
				7712132D2FF43A5B00D688FD /* KakaoSDKUser in Frameworks */,
				771213302FF43B3700D688FD /* GoogleMaps in Frameworks */,
				77120FCF2FF4348E00D688FD /* Then in Frameworks */,
				771213292FF43A5B00D688FD /* KakaoSDKCommon in Frameworks */,
				771213272FF43A5B00D688FD /* KakaoSDKAuth in Frameworks */,
			);
			runOnlyForDeploymentPostprocessing = 0;
		};
/* End PBXFrameworksBuildPhase section */

/* Begin PBXGroup section */
		771209CC2FF423C700D688FD = {
			isa = PBXGroup;
			children = (
				77C74AF12FF6EEF200604CBC /* .swiftlint.yml */,
				771209D72FF423C700D688FD /* Nearby */,
				771209D62FF423C700D688FD /* Products */,
			);
			sourceTree = "<group>";
		};
		771209D62FF423C700D688FD /* Products */ = {
			isa = PBXGroup;
			children = (
				771209D52FF423C700D688FD /* Nearby.app */,
			);
			name = Products;
			sourceTree = "<group>";
		};
/* End PBXGroup section */

/* Begin PBXNativeTarget section */
		771209D42FF423C700D688FD /* Nearby */ = {
			isa = PBXNativeTarget;
			buildConfigurationList = 771209E82FF423C900D688FD /* Build configuration list for PBXNativeTarget "Nearby" */;
			buildPhases = (
				771209D12FF423C700D688FD /* Sources */,
				771209D22FF423C700D688FD /* Frameworks */,
				771209D32FF423C700D688FD /* Resources */,
				77C746032FF6D85C00604CBC /* ShellScript */,
			);
			buildRules = (
			);
			dependencies = (
			);
			fileSystemSynchronizedGroups = (
				771209D72FF423C700D688FD /* Nearby */,
			);
			name = Nearby;
			packageProductDependencies = (
				77120FCB2FF4348500D688FD /* Alamofire */,
				77120FCE2FF4348E00D688FD /* Then */,
				77120FD12FF4349F00D688FD /* SnapKit */,
				77120FD42FF434AE00D688FD /* Kingfisher */,
				771213262FF43A5B00D688FD /* KakaoSDKAuth */,
				771213282FF43A5B00D688FD /* KakaoSDKCommon */,
				7712132A2FF43A5B00D688FD /* KakaoSDKShare */,
				7712132C2FF43A5B00D688FD /* KakaoSDKUser */,
				7712132F2FF43B3700D688FD /* GoogleMaps */,
			);
			productName = Nearby;
			productReference = 771209D52FF423C700D688FD /* Nearby.app */;
			productType = "com.apple.product-type.application";
		};
/* End PBXNativeTarget section */

/* Begin PBXProject section */
		771209CD2FF423C700D688FD /* Project object */ = {
			isa = PBXProject;
			attributes = {
				BuildIndependentTargetsInParallel = 1;
				LastSwiftUpdateCheck = 2600;
				LastUpgradeCheck = 2600;
				TargetAttributes = {
					771209D42FF423C700D688FD = {
						CreatedOnToolsVersion = 26.0;
					};
				};
			};
			buildConfigurationList = 771209D02FF423C700D688FD /* Build configuration list for PBXProject "Nearby" */;
			developmentRegion = en;
			hasScannedForEncodings = 0;
			knownRegions = (
				en,
				Base,
			);
			mainGroup = 771209CC2FF423C700D688FD;
			minimizedProjectReferenceProxies = 1;
			packageReferences = (
				77120FCA2FF4348500D688FD /* XCRemoteSwiftPackageReference "Alamofire" */,
				77120FCD2FF4348E00D688FD /* XCRemoteSwiftPackageReference "Then" */,
				77120FD02FF4349F00D688FD /* XCRemoteSwiftPackageReference "SnapKit" */,
				77120FD32FF434AE00D688FD /* XCRemoteSwiftPackageReference "Kingfisher" */,
				771213252FF43A5B00D688FD /* XCRemoteSwiftPackageReference "kakao-ios-sdk" */,
				7712132E2FF43B3700D688FD /* XCRemoteSwiftPackageReference "ios-maps-sdk" */,
			);
			preferredProjectObjectVersion = 77;
			productRefGroup = 771209D62FF423C700D688FD /* Products */;
			projectDirPath = "";
			projectRoot = "";
			targets = (
				771209D42FF423C700D688FD /* Nearby */,
			);
		};
/* End PBXProject section */

/* Begin PBXResourcesBuildPhase section */
		771209D32FF423C700D688FD /* Resources */ = {
			isa = PBXResourcesBuildPhase;
			buildActionMask = 2147483647;
			files = (
				77C74AF22FF6EEF200604CBC /* .swiftlint.yml in Resources */,
			);
			runOnlyForDeploymentPostprocessing = 0;
		};
/* End PBXResourcesBuildPhase section */

/* Begin PBXShellScriptBuildPhase section */
		77C746032FF6D85C00604CBC /* ShellScript */ = {
			isa = PBXShellScriptBuildPhase;
			alwaysOutOfDate = 1;
			buildActionMask = 2147483647;
			files = (
			);
			inputFileListPaths = (
			);
			inputPaths = (
			);
			outputFileListPaths = (
			);
			outputPaths = (
			);
			runOnlyForDeploymentPostprocessing = 0;
			shellPath = /bin/sh;
			shellScript = "# Type a script or drag a script file from your workspace to insert its path.\nif [[ \"$(uname -m)\" == arm64 ]]; then\n    export PATH=\"/opt/homebrew/bin:$PATH\"\nfi\n \nif which swiftlint > /dev/null; then\n  swiftlint\nelse\n  echo \"warning: SwiftLint not installed, download from https://github.com/realm/SwiftLint\"\nfi\n";
		};
/* End PBXShellScriptBuildPhase section */

/* Begin PBXSourcesBuildPhase section */
		771209D12FF423C700D688FD /* Sources */ = {
			isa = PBXSourcesBuildPhase;
			buildActionMask = 2147483647;
			files = (
			);
			runOnlyForDeploymentPostprocessing = 0;
		};
/* End PBXSourcesBuildPhase section */

/* Begin XCBuildConfiguration section */
		771209E92FF423C900D688FD /* Debug */ = {
			isa = XCBuildConfiguration;
			buildSettings = {
				ASSETCATALOG_COMPILER_APPICON_NAME = AppIcon;
				ASSETCATALOG_COMPILER_GLOBAL_ACCENT_COLOR_NAME = AccentColor;
				CODE_SIGN_IDENTITY = "Apple Development";
				CODE_SIGN_STYLE = Automatic;
				CURRENT_PROJECT_VERSION = 1;
				DEVELOPMENT_TEAM = "";
				ENABLE_USER_SCRIPT_SANDBOXING = NO;
				GENERATE_INFOPLIST_FILE = YES;
				INFOPLIST_FILE = Nearby/Resource/Info.plist;
				INFOPLIST_KEY_UIApplicationSupportsIndirectInputEvents = YES;
				INFOPLIST_KEY_UILaunchStoryboardName = LaunchScreen;
				INFOPLIST_KEY_UISupportedInterfaceOrientations_iPad = "UIInterfaceOrientationPortrait UIInterfaceOrientationPortraitUpsideDown UIInterfaceOrientationLandscapeLeft UIInterfaceOrientationLandscapeRight";
				INFOPLIST_KEY_UISupportedInterfaceOrientations_iPhone = "UIInterfaceOrientationPortrait UIInterfaceOrientationLandscapeLeft UIInterfaceOrientationLandscapeRight";
				IPHONEOS_DEPLOYMENT_TARGET = 17.0;
				LD_RUNPATH_SEARCH_PATHS = (
					"$(inherited)",
					"@executable_path/Frameworks",
				);
				MARKETING_VERSION = 1.0;
				PRODUCT_BUNDLE_IDENTIFIER = com.dewby.Nearby;
				PRODUCT_NAME = "$(TARGET_NAME)";
				PROVISIONING_PROFILE_SPECIFIER = "";
				STRING_CATALOG_GENERATE_SYMBOLS = YES;
				SUPPORTED_PLATFORMS = "iphoneos iphonesimulator";
				SUPPORTS_MACCATALYST = NO;
				SUPPORTS_MAC_DESIGNED_FOR_IPHONE_IPAD = NO;
				SUPPORTS_XR_DESIGNED_FOR_IPHONE_IPAD = NO;
				SWIFT_APPROACHABLE_CONCURRENCY = YES;
				SWIFT_DEFAULT_ACTOR_ISOLATION = MainActor;
				SWIFT_EMIT_LOC_STRINGS = YES;
				SWIFT_UPCOMING_FEATURE_MEMBER_IMPORT_VISIBILITY = YES;
				SWIFT_VERSION = 5.0;
				TARGETED_DEVICE_FAMILY = 1;
			};
			name = Debug;
		};
		771209EA2FF423C900D688FD /* Release */ = {
			isa = XCBuildConfiguration;
			buildSettings = {
				ASSETCATALOG_COMPILER_APPICON_NAME = AppIcon;
				ASSETCATALOG_COMPILER_GLOBAL_ACCENT_COLOR_NAME = AccentColor;
				CODE_SIGN_IDENTITY = "Apple Development";
				CODE_SIGN_STYLE = Automatic;
				CURRENT_PROJECT_VERSION = 1;
				DEVELOPMENT_TEAM = "";
				ENABLE_USER_SCRIPT_SANDBOXING = NO;
				GENERATE_INFOPLIST_FILE = YES;
				INFOPLIST_FILE = Nearby/Resource/Info.plist;
				INFOPLIST_KEY_UIApplicationSupportsIndirectInputEvents = YES;
				INFOPLIST_KEY_UILaunchStoryboardName = LaunchScreen;
				INFOPLIST_KEY_UISupportedInterfaceOrientations_iPad = "UIInterfaceOrientationPortrait UIInterfaceOrientationPortraitUpsideDown UIInterfaceOrientationLandscapeLeft UIInterfaceOrientationLandscapeRight";
				INFOPLIST_KEY_UISupportedInterfaceOrientations_iPhone = "UIInterfaceOrientationPortrait UIInterfaceOrientationLandscapeLeft UIInterfaceOrientationLandscapeRight";
				IPHONEOS_DEPLOYMENT_TARGET = 17.0;
				LD_RUNPATH_SEARCH_PATHS = (
					"$(inherited)",
					"@executable_path/Frameworks",
				);
				MARKETING_VERSION = 1.0;
				PRODUCT_BUNDLE_IDENTIFIER = com.dewby.Nearby;
				PRODUCT_NAME = "$(TARGET_NAME)";
				PROVISIONING_PROFILE_SPECIFIER = "";
				STRING_CATALOG_GENERATE_SYMBOLS = YES;
				SUPPORTED_PLATFORMS = "iphoneos iphonesimulator";
				SUPPORTS_MACCATALYST = NO;
				SUPPORTS_MAC_DESIGNED_FOR_IPHONE_IPAD = NO;
				SUPPORTS_XR_DESIGNED_FOR_IPHONE_IPAD = NO;
				SWIFT_APPROACHABLE_CONCURRENCY = YES;
				SWIFT_DEFAULT_ACTOR_ISOLATION = MainActor;
				SWIFT_EMIT_LOC_STRINGS = YES;
				SWIFT_UPCOMING_FEATURE_MEMBER_IMPORT_VISIBILITY = YES;
				SWIFT_VERSION = 5.0;
				TARGETED_DEVICE_FAMILY = 1;
			};
			name = Release;
		};
		771209EB2FF423C900D688FD /* Debug */ = {
			isa = XCBuildConfiguration;
			buildSettings = {
				ALWAYS_SEARCH_USER_PATHS = NO;
				ASSETCATALOG_COMPILER_GENERATE_SWIFT_ASSET_SYMBOL_EXTENSIONS = YES;
				CLANG_ANALYZER_NONNULL = YES;
				CLANG_ANALYZER_NUMBER_OBJECT_CONVERSION = YES_AGGRESSIVE;
				CLANG_CXX_LANGUAGE_STANDARD = "gnu++20";
				CLANG_ENABLE_MODULES = YES;
				CLANG_ENABLE_OBJC_ARC = YES;
				CLANG_ENABLE_OBJC_WEAK = YES;
				CLANG_WARN_BLOCK_CAPTURE_AUTORELEASING = YES;
				CLANG_WARN_BOOL_CONVERSION = YES;
				CLANG_WARN_COMMA = YES;
				CLANG_WARN_CONSTANT_CONVERSION = YES;
				CLANG_WARN_DEPRECATED_OBJC_IMPLEMENTATIONS = YES;
				CLANG_WARN_DIRECT_OBJC_ISA_USAGE = YES_ERROR;
				CLANG_WARN_DOCUMENTATION_COMMENTS = YES;
				CLANG_WARN_EMPTY_BODY = YES;
				CLANG_WARN_ENUM_CONVERSION = YES;
				CLANG_WARN_INFINITE_RECURSION = YES;
				CLANG_WARN_INT_CONVERSION = YES;
				CLANG_WARN_NON_LITERAL_NULL_CONVERSION = YES;
				CLANG_WARN_OBJC_IMPLICIT_RETAIN_SELF = YES;
				CLANG_WARN_OBJC_LITERAL_CONVERSION = YES;
				CLANG_WARN_OBJC_ROOT_CLASS = YES_ERROR;
				CLANG_WARN_QUOTED_INCLUDE_IN_FRAMEWORK_HEADER = YES;
				CLANG_WARN_RANGE_LOOP_ANALYSIS = YES;
				CLANG_WARN_STRICT_PROTOTYPES = YES;
				CLANG_WARN_SUSPICIOUS_MOVE = YES;
				CLANG_WARN_UNGUARDED_AVAILABILITY = YES_AGGRESSIVE;
				CLANG_WARN_UNREACHABLE_CODE = YES;
				CLANG_WARN__DUPLICATE_METHOD_MATCH = YES;
				COPY_PHASE_STRIP = NO;
				DEBUG_INFORMATION_FORMAT = dwarf;
				ENABLE_STRICT_OBJC_MSGSEND = YES;
				ENABLE_TESTABILITY = YES;
				ENABLE_USER_SCRIPT_SANDBOXING = YES;
				GCC_C_LANGUAGE_STANDARD = gnu17;
				GCC_DYNAMIC_NO_PIC = NO;
				GCC_NO_COMMON_BLOCKS = YES;
				GCC_OPTIMIZATION_LEVEL = 0;
				GCC_PREPROCESSOR_DEFINITIONS = (
					"DEBUG=1",
					"$(inherited)",
				);
				GCC_WARN_64_TO_32_BIT_CONVERSION = YES;
				GCC_WARN_ABOUT_RETURN_TYPE = YES_ERROR;
				GCC_WARN_UNDECLARED_SELECTOR = YES;
				GCC_WARN_UNINITIALIZED_AUTOS = YES_AGGRESSIVE;
				GCC_WARN_UNUSED_FUNCTION = YES;
				GCC_WARN_UNUSED_VARIABLE = YES;
				IPHONEOS_DEPLOYMENT_TARGET = 26.0;
				LOCALIZATION_PREFERS_STRING_CATALOGS = YES;
				MTL_ENABLE_DEBUG_INFO = INCLUDE_SOURCE;
				MTL_FAST_MATH = YES;
				ONLY_ACTIVE_ARCH = YES;
				SDKROOT = iphoneos;
				SWIFT_ACTIVE_COMPILATION_CONDITIONS = "DEBUG $(inherited)";
				SWIFT_OPTIMIZATION_LEVEL = "-Onone";
			};
			name = Debug;
		};
		771209EC2FF423C900D688FD /* Release */ = {
			isa = XCBuildConfiguration;
			buildSettings = {
				ALWAYS_SEARCH_USER_PATHS = NO;
				ASSETCATALOG_COMPILER_GENERATE_SWIFT_ASSET_SYMBOL_EXTENSIONS = YES;
				CLANG_ANALYZER_NONNULL = YES;
				CLANG_ANALYZER_NUMBER_OBJECT_CONVERSION = YES_AGGRESSIVE;
				CLANG_CXX_LANGUAGE_STANDARD = "gnu++20";
				CLANG_ENABLE_MODULES = YES;
				CLANG_ENABLE_OBJC_ARC = YES;
				CLANG_ENABLE_OBJC_WEAK = YES;
				CLANG_WARN_BLOCK_CAPTURE_AUTORELEASING = YES;
				CLANG_WARN_BOOL_CONVERSION = YES;
				CLANG_WARN_COMMA = YES;
				CLANG_WARN_CONSTANT_CONVERSION = YES;
				CLANG_WARN_DEPRECATED_OBJC_IMPLEMENTATIONS = YES;
				CLANG_WARN_DIRECT_OBJC_ISA_USAGE = YES_ERROR;
				CLANG_WARN_DOCUMENTATION_COMMENTS = YES;
				CLANG_WARN_EMPTY_BODY = YES;
				CLANG_WARN_ENUM_CONVERSION = YES;
				CLANG_WARN_INFINITE_RECURSION = YES;
				CLANG_WARN_INT_CONVERSION = YES;
				CLANG_WARN_NON_LITERAL_NULL_CONVERSION = YES;
				CLANG_WARN_OBJC_IMPLICIT_RETAIN_SELF = YES;
				CLANG_WARN_OBJC_LITERAL_CONVERSION = YES;
				CLANG_WARN_OBJC_ROOT_CLASS = YES_ERROR;
				CLANG_WARN_QUOTED_INCLUDE_IN_FRAMEWORK_HEADER = YES;
				CLANG_WARN_RANGE_LOOP_ANALYSIS = YES;
				CLANG_WARN_STRICT_PROTOTYPES = YES;
				CLANG_WARN_SUSPICIOUS_MOVE = YES;
				CLANG_WARN_UNGUARDED_AVAILABILITY = YES_AGGRESSIVE;
				CLANG_WARN_UNREACHABLE_CODE = YES;
				CLANG_WARN__DUPLICATE_METHOD_MATCH = YES;
				COPY_PHASE_STRIP = NO;
				DEBUG_INFORMATION_FORMAT = "dwarf-with-dsym";
				ENABLE_NS_ASSERTIONS = NO;
				ENABLE_STRICT_OBJC_MSGSEND = YES;
				ENABLE_USER_SCRIPT_SANDBOXING = YES;
				GCC_C_LANGUAGE_STANDARD = gnu17;
				GCC_NO_COMMON_BLOCKS = YES;
				GCC_WARN_64_TO_32_BIT_CONVERSION = YES;
				GCC_WARN_ABOUT_RETURN_TYPE = YES_ERROR;
				GCC_WARN_UNDECLARED_SELECTOR = YES;
				GCC_WARN_UNINITIALIZED_AUTOS = YES_AGGRESSIVE;
				GCC_WARN_UNUSED_FUNCTION = YES;
				GCC_WARN_UNUSED_VARIABLE = YES;
				IPHONEOS_DEPLOYMENT_TARGET = 26.0;
				LOCALIZATION_PREFERS_STRING_CATALOGS = YES;
				MTL_ENABLE_DEBUG_INFO = NO;
				MTL_FAST_MATH = YES;
				SDKROOT = iphoneos;
				SWIFT_COMPILATION_MODE = wholemodule;
				VALIDATE_PRODUCT = YES;
			};
			name = Release;
		};
/* End XCBuildConfiguration section */

/* Begin XCConfigurationList section */
		771209D02FF423C700D688FD /* Build configuration list for PBXProject "Nearby" */ = {
			isa = XCConfigurationList;
			buildConfigurations = (
				771209EB2FF423C900D688FD /* Debug */,
				771209EC2FF423C900D688FD /* Release */,
			);
			defaultConfigurationIsVisible = 0;
			defaultConfigurationName = Release;
		};
		771209E82FF423C900D688FD /* Build configuration list for PBXNativeTarget "Nearby" */ = {
			isa = XCConfigurationList;
			buildConfigurations = (
				771209E92FF423C900D688FD /* Debug */,
				771209EA2FF423C900D688FD /* Release */,
			);
			defaultConfigurationIsVisible = 0;
			defaultConfigurationName = Release;
		};
/* End XCConfigurationList section */

/* Begin XCRemoteSwiftPackageReference section */
		77120FCA2FF4348500D688FD /* XCRemoteSwiftPackageReference "Alamofire" */ = {
			isa = XCRemoteSwiftPackageReference;
			repositoryURL = "https://github.com/Alamofire/Alamofire";
			requirement = {
				kind = upToNextMajorVersion;
				minimumVersion = 5.12.0;
			};
		};
		77120FCD2FF4348E00D688FD /* XCRemoteSwiftPackageReference "Then" */ = {
			isa = XCRemoteSwiftPackageReference;
			repositoryURL = "https://github.com/devxoul/Then";
			requirement = {
				kind = upToNextMajorVersion;
				minimumVersion = 3.0.0;
			};
		};
		77120FD02FF4349F00D688FD /* XCRemoteSwiftPackageReference "SnapKit" */ = {
			isa = XCRemoteSwiftPackageReference;
			repositoryURL = "https://github.com/SnapKit/SnapKit.git";
			requirement = {
				kind = upToNextMajorVersion;
				minimumVersion = 6.0.0;
			};
		};
		77120FD32FF434AE00D688FD /* XCRemoteSwiftPackageReference "Kingfisher" */ = {
			isa = XCRemoteSwiftPackageReference;
			repositoryURL = "https://github.com/onevcat/Kingfisher.git";
			requirement = {
				kind = upToNextMajorVersion;
				minimumVersion = 8.10.0;
			};
		};
		771213252FF43A5B00D688FD /* XCRemoteSwiftPackageReference "kakao-ios-sdk" */ = {
			isa = XCRemoteSwiftPackageReference;
			repositoryURL = "https://github.com/kakao/kakao-ios-sdk";
			requirement = {
				kind = upToNextMajorVersion;
				minimumVersion = 2.28.0;
			};
		};
		7712132E2FF43B3700D688FD /* XCRemoteSwiftPackageReference "ios-maps-sdk" */ = {
			isa = XCRemoteSwiftPackageReference;
			repositoryURL = "https://github.com/googlemaps/ios-maps-sdk";
			requirement = {
				kind = upToNextMajorVersion;
				minimumVersion = 10.15.0;
			};
		};
/* End XCRemoteSwiftPackageReference section */

/* Begin XCSwiftPackageProductDependency section */
		77120FCB2FF4348500D688FD /* Alamofire */ = {
			isa = XCSwiftPackageProductDependency;
			package = 77120FCA2FF4348500D688FD /* XCRemoteSwiftPackageReference "Alamofire" */;
			productName = Alamofire;
		};
		77120FCE2FF4348E00D688FD /* Then */ = {
			isa = XCSwiftPackageProductDependency;
			package = 77120FCD2FF4348E00D688FD /* XCRemoteSwiftPackageReference "Then" */;
			productName = Then;
		};
		77120FD12FF4349F00D688FD /* SnapKit */ = {
			isa = XCSwiftPackageProductDependency;
			package = 77120FD02FF4349F00D688FD /* XCRemoteSwiftPackageReference "SnapKit" */;
			productName = SnapKit;
		};
		77120FD42FF434AE00D688FD /* Kingfisher */ = {
			isa = XCSwiftPackageProductDependency;
			package = 77120FD32FF434AE00D688FD /* XCRemoteSwiftPackageReference "Kingfisher" */;
			productName = Kingfisher;
		};
		771213262FF43A5B00D688FD /* KakaoSDKAuth */ = {
			isa = XCSwiftPackageProductDependency;
			package = 771213252FF43A5B00D688FD /* XCRemoteSwiftPackageReference "kakao-ios-sdk" */;
			productName = KakaoSDKAuth;
		};
		771213282FF43A5B00D688FD /* KakaoSDKCommon */ = {
			isa = XCSwiftPackageProductDependency;
			package = 771213252FF43A5B00D688FD /* XCRemoteSwiftPackageReference "kakao-ios-sdk" */;
			productName = KakaoSDKCommon;
		};
		7712132A2FF43A5B00D688FD /* KakaoSDKShare */ = {
			isa = XCSwiftPackageProductDependency;
			package = 771213252FF43A5B00D688FD /* XCRemoteSwiftPackageReference "kakao-ios-sdk" */;
			productName = KakaoSDKShare;
		};
		7712132C2FF43A5B00D688FD /* KakaoSDKUser */ = {
			isa = XCSwiftPackageProductDependency;
			package = 771213252FF43A5B00D688FD /* XCRemoteSwiftPackageReference "kakao-ios-sdk" */;
			productName = KakaoSDKUser;
		};
		7712132F2FF43B3700D688FD /* GoogleMaps */ = {
			isa = XCSwiftPackageProductDependency;
			package = 7712132E2FF43B3700D688FD /* XCRemoteSwiftPackageReference "ios-maps-sdk" */;
			productName = GoogleMaps;
		};
/* End XCSwiftPackageProductDependency section */
	};
	rootObject = 771209CD2FF423C700D688FD /* Project object */;
}
